
Microsoft Visual Studio Solution File, Format Version 12.00
Project("{FAE04EC0-301F-11D3-BF4B-00C04F79EFBC}") = "SoftwareArchitektur.ExcelDataReader", "SoftwareArchitektur.ExcelDataReader\SoftwareArchitektur.ExcelDataReader.csproj", "{FBCAA515-A4C9-4EDB-97AB-CB7C9C0FCD52}"
EndProject
Project("{FAE04EC0-301F-11D3-BF4B-00C04F79EFBC}") = "SoftwareArchitektur.Utility", "SoftwareArchitektur.Utility\SoftwareArchitektur.Utility.csproj", "{19A0F1B9-5659-49A9-9010-CDADB3E3C956}"
EndProject
Project("{FAE04EC0-301F-11D3-BF4B-00C04F79EFBC}") = "SoftwareArchitektur.ArchitekturSuggester", "SoftwareArchitektur.ArchitekturSuggester\SoftwareArchitektur.ArchitekturSuggester.csproj", "{3FEC8FDF-2DC0-4F69-9ED0-A7F8EAC929A7}"
EndProject
Project("{FAE04EC0-301F-11D3-BF4B-00C04F79EFBC}") = "SoftwareArchitektur.ArchitekturSuggester.CircularDependencyChecker.Tests", "SoftwareArchitektur.ArchitekturSuggester.CircularDependencyChecker.Tests\SoftwareArchitektur.ArchitekturSuggester.CircularDependencyChecker.Tests.csproj", "{A1D58659-A7AF-4E9C-BC10-72BE70E4F298}"
EndProject
Project("{FAE04EC0-301F-11D3-BF4B-00C04F79EFBC}") = "SoftwareArchitektur.UMLVisualizer", "SoftwareArchitektur.UMLVisualizer\SoftwareArchitektur.UMLVisualizer.csproj", "{3E100405-D8F6-4813-B650-1A5672497CA3}"
EndProject
Project("{FAE04EC0-301F-11D3-BF4B-00C04F79EFBC}") = "SoftwareArchitektur.ArchitekturSuggester.CircularDependencyChecker", "SoftwareArchitektur.ArchitekturSuggester.CircularDependencyChecker\SoftwareArchitektur.ArchitekturSuggester.CircularDependencyChecker.csproj", "{58A371DB-A5DC-4FE1-BADC-E41F765B8FDB}"
EndProject
Project("{FAE04EC0-301F-11D3-BF4B-00C04F79EFBC}") = "SoftwareArchitektur.ArchitekturSuggester.CcpScoringEngine", "SoftwareArchitektur.ArchitekturSuggester.CcpScoringEngine\SoftwareArchitektur.ArchitekturSuggester.CcpScoringEngine.csproj", "{9CACE249-D537-46FD-AA96-8F02AB8CEDBE}"
EndProject
Project("{FAE04EC0-301F-11D3-BF4B-00C04F79EFBC}") = "SoftwareArchitektur.ArchitekturSuggester.CcpScoringEngine.Tests", "SoftwareArchitektur.ArchitekturSuggester.CcpScoringEngine.Tests\SoftwareArchitektur.ArchitekturSuggester.CcpScoringEngine.Tests.csproj", "{1A7E8D58-53BF-4DC7-A86C-3BDC53F26D3B}"
EndProject
Project("{2150E333-8FDC-42A3-9474-1A3956D46DE8}") = "SoftwareArchitektur.ArchitekturSuggester.CcpScorer", "SoftwareArchitektur.ArchitekturSuggester.CcpScorer", "{E0B42734-9BBC-434B-826D-CC87733D91E2}"
EndProject
Project("{2150E333-8FDC-42A3-9474-1A3956D46DE8}") = "SoftwareArchitektur.ArchitekturSuggester", "SoftwareArchitektur.ArchitekturSuggester", "{D3363ABA-397E-458D-910C-A2218EC5D482}"
EndProject
Project("{2150E333-8FDC-42A3-9474-1A3956D46DE8}") = "SoftwareArchitektur.ArchitekturSuggester.CircularDependencyChecker", "SoftwareArchitektur.ArchitekturSuggester.CircularDependencyChecker", "{341A0A7E-B102-46F5-BA7E-6E346FFFFF02}"
EndProject
Project("{FAE04EC0-301F-11D3-BF4B-00C04F79EFBC}") = "SoftwareArchitektur.ArchitekturSuggester.TestUtility", "SoftwareArchitektur.ArchitekturSuggester\SoftwareArchitektur.ArchitekturSuggester.TestUtility\SoftwareArchitektur.ArchitekturSuggester.TestUtility.csproj", "{685AE9F2-912A-4D5E-B96B-06EE83101A7B}"
EndProject
Global
	GlobalSection(SolutionConfigurationPlatforms) = preSolution
		Debug|Any CPU = Debug|Any CPU
		Release|Any CPU = Release|Any CPU
	EndGlobalSection
	GlobalSection(ProjectConfigurationPlatforms) = postSolution
		{FBCAA515-A4C9-4EDB-97AB-CB7C9C0FCD52}.Debug|Any CPU.ActiveCfg = Debug|Any CPU
		{FBCAA515-A4C9-4EDB-97AB-CB7C9C0FCD52}.Debug|Any CPU.Build.0 = Debug|Any CPU
		{FBCAA515-A4C9-4EDB-97AB-CB7C9C0FCD52}.Release|Any CPU.ActiveCfg = Release|Any CPU
		{FBCAA515-A4C9-4EDB-97AB-CB7C9C0FCD52}.Release|Any CPU.Build.0 = Release|Any CPU
		{19A0F1B9-5659-49A9-9010-CDADB3E3C956}.Debug|Any CPU.ActiveCfg = Debug|Any CPU
		{19A0F1B9-5659-49A9-9010-CDADB3E3C956}.Debug|Any CPU.Build.0 = Debug|Any CPU
		{19A0F1B9-5659-49A9-9010-CDADB3E3C956}.Release|Any CPU.ActiveCfg = Release|Any CPU
		{19A0F1B9-5659-49A9-9010-CDADB3E3C956}.Release|Any CPU.Build.0 = Release|Any CPU
		{3FEC8FDF-2DC0-4F69-9ED0-A7F8EAC929A7}.Debug|Any CPU.ActiveCfg = Debug|Any CPU
		{3FEC8FDF-2DC0-4F69-9ED0-A7F8EAC929A7}.Debug|Any CPU.Build.0 = Debug|Any CPU
		{3FEC8FDF-2DC0-4F69-9ED0-A7F8EAC929A7}.Release|Any CPU.ActiveCfg = Release|Any CPU
		{3FEC8FDF-2DC0-4F69-9ED0-A7F8EAC929A7}.Release|Any CPU.Build.0 = Release|Any CPU
		{A1D58659-A7AF-4E9C-BC10-72BE70E4F298}.Debug|Any CPU.ActiveCfg = Debug|Any CPU
		{A1D58659-A7AF-4E9C-BC10-72BE70E4F298}.Debug|Any CPU.Build.0 = Debug|Any CPU
		{A1D58659-A7AF-4E9C-BC10-72BE70E4F298}.Release|Any CPU.ActiveCfg = Release|Any CPU
		{A1D58659-A7AF-4E9C-BC10-72BE70E4F298}.Release|Any CPU.Build.0 = Release|Any CPU
		{3E100405-D8F6-4813-B650-1A5672497CA3}.Debug|Any CPU.ActiveCfg = Debug|Any CPU
		{3E100405-D8F6-4813-B650-1A5672497CA3}.Debug|Any CPU.Build.0 = Debug|Any CPU
		{3E100405-D8F6-4813-B650-1A5672497CA3}.Release|Any CPU.ActiveCfg = Release|Any CPU
		{3E100405-D8F6-4813-B650-1A5672497CA3}.Release|Any CPU.Build.0 = Release|Any CPU
		{58A371DB-A5DC-4FE1-BADC-E41F765B8FDB}.Debug|Any CPU.ActiveCfg = Debug|Any CPU
		{58A371DB-A5DC-4FE1-BADC-E41F765B8FDB}.Debug|Any CPU.Build.0 = Debug|Any CPU
		{58A371DB-A5DC-4FE1-BADC-E41F765B8FDB}.Release|Any CPU.ActiveCfg = Release|Any CPU
		{58A371DB-A5DC-4FE1-BADC-E41F765B8FDB}.Release|Any CPU.Build.0 = Release|Any CPU
		{9CACE249-D537-46FD-AA96-8F02AB8CEDBE}.Debug|Any CPU.ActiveCfg = Debug|Any CPU
		{9CACE249-D537-46FD-AA96-8F02AB8CEDBE}.Debug|Any CPU.Build.0 = Debug|Any CPU
		{9CACE249-D537-46FD-AA96-8F02AB8CEDBE}.Release|Any CPU.ActiveCfg = Release|Any CPU
		{9CACE249-D537-46FD-AA96-8F02AB8CEDBE}.Release|Any CPU.Build.0 = Release|Any CPU
		{1A7E8D58-53BF-4DC7-A86C-3BDC53F26D3B}.Debug|Any CPU.ActiveCfg = Debug|Any CPU
		{1A7E8D58-53BF-4DC7-A86C-3BDC53F26D3B}.Debug|Any CPU.Build.0 = Debug|Any CPU
		{1A7E8D58-53BF-4DC7-A86C-3BDC53F26D3B}.Release|Any CPU.ActiveCfg = Release|Any CPU
		{1A7E8D58-53BF-4DC7-A86C-3BDC53F26D3B}.Release|Any CPU.Build.0 = Release|Any CPU
		{685AE9F2-912A-4D5E-B96B-06EE83101A7B}.Debug|Any CPU.ActiveCfg = Debug|Any CPU
		{685AE9F2-912A-4D5E-B96B-06EE83101A7B}.Debug|Any CPU.Build.0 = Debug|Any CPU
		{685AE9F2-912A-4D5E-B96B-06EE83101A7B}.Release|Any CPU.ActiveCfg = Release|Any CPU
		{685AE9F2-912A-4D5E-B96B-06EE83101A7B}.Release|Any CPU.Build.0 = Release|Any CPU
	EndGlobalSection
	GlobalSection(NestedProjects) = preSolution
		{1A7E8D58-53BF-4DC7-A86C-3BDC53F26D3B} = {E0B42734-9BBC-434B-826D-CC87733D91E2}
		{9CACE249-D537-46FD-AA96-8F02AB8CEDBE} = {E0B42734-9BBC-434B-826D-CC87733D91E2}
		{E0B42734-9BBC-434B-826D-CC87733D91E2} = {D3363ABA-397E-458D-910C-A2218EC5D482}
		{3FEC8FDF-2DC0-4F69-9ED0-A7F8EAC929A7} = {D3363ABA-397E-458D-910C-A2218EC5D482}
		{19A0F1B9-5659-49A9-9010-CDADB3E3C956} = {D3363ABA-397E-458D-910C-A2218EC5D482}
		{341A0A7E-B102-46F5-BA7E-6E346FFFFF02} = {D3363ABA-397E-458D-910C-A2218EC5D482}
		{58A371DB-A5DC-4FE1-BADC-E41F765B8FDB} = {341A0A7E-B102-46F5-BA7E-6E346FFFFF02}
		{A1D58659-A7AF-4E9C-BC10-72BE70E4F298} = {341A0A7E-B102-46F5-BA7E-6E346FFFFF02}
		{685AE9F2-912A-4D5E-B96B-06EE83101A7B} = {D3363ABA-397E-458D-910C-A2218EC5D482}
	EndGlobalSection
EndGlobal
