
Microsoft Visual Studio Solution File, Format Version 12.00
Project("{FAE04EC0-301F-11D3-BF4B-00C04F79EFBC}") = "SoftwareArchitektur.ExcelDataReader", "SoftwareArchitektur.ExcelDataReader\SoftwareArchitektur.ExcelDataReader.csproj", "{FBCAA515-A4C9-4EDB-97AB-CB7C9C0FCD52}"
EndProject
Project("{FAE04EC0-301F-11D3-BF4B-00C04F79EFBC}") = "SoftwareArchitektur.Utility", "SoftwareArchitektur.Utility\SoftwareArchitektur.Utility.csproj", "{19A0F1B9-5659-49A9-9010-CDADB3E3C956}"
EndProject
Project("{FAE04EC0-301F-11D3-BF4B-00C04F79EFBC}") = "SoftwareArchitektur.ArchitekturSuggester", "SoftwareArchitektur.ArchitekturSuggester\SoftwareArchitektur.ArchitekturSuggester.csproj", "{3FEC8FDF-2DC0-4F69-9ED0-A7F8EAC929A7}"
EndProject
Project("{FAE04EC0-301F-11D3-BF4B-00C04F79EFBC}") = "SoftwareArchitektur.ArchitekturSuggester.Tests", "SoftwareArchitektur.ArchitekturSuggester.Tests\SoftwareArchitektur.ArchitekturSuggester.Tests.csproj", "{A1D58659-A7AF-4E9C-BC10-72BE70E4F298}"
EndProject
Project("{FAE04EC0-301F-11D3-BF4B-00C04F79EFBC}") = "SoftwareArchitektur.UMLVisualizer", "SoftwareArchitektur.UMLVisualizer\SoftwareArchitektur.UMLVisualizer.csproj", "{3E100405-D8F6-4813-B650-1A5672497CA3}"
EndProject
Global
	GlobalSection(SolutionConfigurationPlatforms) = preSolution
		Debug|Any CPU = Debug|Any CPU
		Release|Any CPU = Release|Any CPU
	EndGlobalSection
	GlobalSection(ProjectConfigurationPlatforms) = postSolution
		{FBCAA515-A4C9-4EDB-97AB-CB7C9C0FCD52}.Debug|Any CPU.ActiveCfg = Debug|Any CPU
		{FBCAA515-A4C9-4EDB-97AB-CB7C9C0FCD52}.Debug|Any CPU.Build.0 = Debug|Any CPU
		{FBCAA515-A4C9-4EDB-97AB-CB7C9C0FCD52}.Release|Any CPU.ActiveCfg = Release|Any CPU
		{FBCAA515-A4C9-4EDB-97AB-CB7C9C0FCD52}.Release|Any CPU.Build.0 = Release|Any CPU
		{19A0F1B9-5659-49A9-9010-CDADB3E3C956}.Debug|Any CPU.ActiveCfg = Debug|Any CPU
		{19A0F1B9-5659-49A9-9010-CDADB3E3C956}.Debug|Any CPU.Build.0 = Debug|Any CPU
		{19A0F1B9-5659-49A9-9010-CDADB3E3C956}.Release|Any CPU.ActiveCfg = Release|Any CPU
		{19A0F1B9-5659-49A9-9010-CDADB3E3C956}.Release|Any CPU.Build.0 = Release|Any CPU
		{3FEC8FDF-2DC0-4F69-9ED0-A7F8EAC929A7}.Debug|Any CPU.ActiveCfg = Debug|Any CPU
		{3FEC8FDF-2DC0-4F69-9ED0-A7F8EAC929A7}.Debug|Any CPU.Build.0 = Debug|Any CPU
		{3FEC8FDF-2DC0-4F69-9ED0-A7F8EAC929A7}.Release|Any CPU.ActiveCfg = Release|Any CPU
		{3FEC8FDF-2DC0-4F69-9ED0-A7F8EAC929A7}.Release|Any CPU.Build.0 = Release|Any CPU
		{A1D58659-A7AF-4E9C-BC10-72BE70E4F298}.Debug|Any CPU.ActiveCfg = Debug|Any CPU
		{A1D58659-A7AF-4E9C-BC10-72BE70E4F298}.Debug|Any CPU.Build.0 = Debug|Any CPU
		{A1D58659-A7AF-4E9C-BC10-72BE70E4F298}.Release|Any CPU.ActiveCfg = Release|Any CPU
		{A1D58659-A7AF-4E9C-BC10-72BE70E4F298}.Release|Any CPU.Build.0 = Release|Any CPU
		{3E100405-D8F6-4813-B650-1A5672497CA3}.Debug|Any CPU.ActiveCfg = Debug|Any CPU
		{3E100405-D8F6-4813-B650-1A5672497CA3}.Debug|Any CPU.Build.0 = Debug|Any CPU
		{3E100405-D8F6-4813-B650-1A5672497CA3}.Release|Any CPU.ActiveCfg = Release|Any CPU
		{3E100405-D8F6-4813-B650-1A5672497CA3}.Release|Any CPU.Build.0 = Release|Any CPU
	EndGlobalSection
EndGlobal
